{
  "name": "mood-tracking-app",
  "version": "1.0.0",
  "lockfileVersion": 3,
  "requires": true,
  "packages": {
    "": {
      "name": "mood-tracking-app",
      "version": "1.0.0",
      "hasInstallScript": true,
      "dependencies": {
        "express-mongo-sanitize": "^2.2.0",
        "hpp": "^0.2.3",
        "xss-clean": "^0.1.4"
      },
      "devDependencies": {}
    },
    "node_modules/express-mongo-sanitize": {
      "version": "2.2.0",
      "resolved": "https://registry.npmjs.org/express-mongo-sanitize/-/express-mongo-sanitize-2.2.0.tgz",
      "integrity": "sha512-PZBs5nwhD6ek9ZuP+W2xmpvcrHwXZxD5GdieX2dsjPbAbH4azOkrHbycBud2QRU+YQF1CT+pki/lZGedHgo/dQ==",
      "license": "MIT",
      "engines": {
        "node": ">=10"
      }
    },
    "node_modules/hpp": {
      "version": "0.2.3",
      "resolved": "https://registry.npmjs.org/hpp/-/hpp-0.2.3.tgz",
      "integrity": "sha512-4zDZypjQcxK/8pfFNR7jaON7zEUpXZxz4viyFmqjb3kWNWAHsLEUmWXcdn25c5l76ISvnD6hbOGO97cXUI3Ryw==",
      "license": "ISC",
      "dependencies": {
        "lodash": "^4.17.12",
        "type-is": "^1.6.12"
      },
      "engines": {
        "node": ">=0.10.0"
      }
    },
    "node_modules/lodash": {
      "version": "4.17.21",
      "resolved": "https://registry.npmjs.org/lodash/-/lodash-4.17.21.tgz",
      "integrity": "sha512-v2kDEe57lecTulaDIuNTPy3Ry4gLGJ6Z1O3vE1krgXZNrsQ+LFTGHVxVjcXPs17LhbZVGedAJv8XZ1tvj5FvSg==",
      "license": "MIT"
    },
    "node_modules/media-typer": {
      "version": "0.3.0",
      "resolved": "https://registry.npmjs.org/media-typer/-/media-typer-0.3.0.tgz",
      "integrity": "sha512-dq+qelQ9akHpcOl/gUVRTxVIOkAJ1wR3QAvb4RsVjS8oVoFjDGTc679wJYmUmknUF5HwMLOgb5O+a3KxfWapPQ==",
      "license": "MIT",
      "engines": {
        "node": ">= 0.6"
      }
    },
    "node_modules/mime-db": {
      "version": "1.52.0",
      "resolved": "https://registry.npmjs.org/mime-db/-/mime-db-1.52.0.tgz",
      "integrity": "sha512-sPU4uV7dYlvtWJxwwxHD0PuihVNiE7TyAbQ5SWxDCB9mUYvOgroQOwYQQOKPJ8CIbE+1ETVlOoK1UC2nU3gYvg==",
      "license": "MIT",
      "engines": {
        "node": ">= 0.6"
      }
    },
    "node_modules/mime-types": {
      "version": "2.1.35",
      "resolved": "https://registry.npmjs.org/mime-types/-/mime-types-2.1.35.tgz",
      "integrity": "sha512-ZDY+bPm5zTTF+YpCrAU9nK0UgICYPT0QtT1NZWFv4s++TNkcgVaT0g6+4R2uI4MjQjzysHB1zxuWL50hzaeXiw==",
      "license": "MIT",
      "dependencies": {
        "mime-db": "1.52.0"
      },
      "engines": {
        "node": ">= 0.6"
      }
    },
    "node_modules/type-is": {
      "version": "1.6.18",
      "resolved": "https://registry.npmjs.org/type-is/-/type-is-1.6.18.tgz",
      "integrity": "sha512-TkRKr9sUTxEH8MdfuCSP7VizJyzRNMjj2J2do2Jr3Kym598JVdEksuzPQCnlFPW4ky9Q+iA+ma9BGm06XQBy8g==",
      "license": "MIT",
      "dependencies": {
        "media-typer": "0.3.0",
        "mime-types": "~2.1.24"
      },
      "engines": {
        "node": ">= 0.6"
      }
    },
    "node_modules/xss-clean": {
      "version": "0.1.4",
      "resolved": "https://registry.npmjs.org/xss-clean/-/xss-clean-0.1.4.tgz",
      "integrity": "sha512-4hArTFHYxrifK9VXOu/zFvwjTXVjKByPi6woUHb1IqxlX0Z4xtFBRjOhTKuYV/uE1VswbYsIh5vUEYp7MmoISQ==",
      "deprecated": "Package no longer supported. Contact Support at https://www.npmjs.com/support for more info.",
      "license": "MIT",
      "dependencies": {
        "xss-filters": "1.2.7"
      }
    },
    "node_modules/xss-filters": {
      "version": "1.2.7",
      "resolved": "https://registry.npmjs.org/xss-filters/-/xss-filters-1.2.7.tgz",
      "integrity": "sha512-KzcmYT/f+YzcYrYRqw6mXxd25BEZCxBQnf+uXTopQDIhrmiaLwO+f+yLsIvvNlPhYvgff8g3igqrBxYh9k8NbQ=="
    }
  }
}
